
Microsoft Visual Studio Solution File, Format Version 12.00
Project("{FAE04EC0-301F-11D3-BF4B-00C04F79EFBC}") = "LINQ_CONSULTAS", "LINQ_CONSULTAS\LINQ_CONSULTAS.csproj", "{BE01FC5C-F962-4002-A289-1B9E8D23ECA4}"
EndProject
Project("{FAE04EC0-301F-11D3-BF4B-00C04F79EFBC}") = "EJERCICIOS_LINK", "EJERCICIOS_LINK\EJERCICIOS_LINK.csproj", "{1FDC788F-C49B-4EDC-BF33-443E60FD92C6}"
EndProject
Project("{FAE04EC0-301F-11D3-BF4B-00C04F79EFBC}") = "LINQ_METHOD_SINTAX", "LINQ_METHOD_SINTAX\LINQ_METHOD_SINTAX.csproj", "{81EBA3F4-2E60-4B54-8C01-39DAA30D4F25}"
EndProject
Global
	GlobalSection(SolutionConfigurationPlatforms) = preSolution
		Debug|Any CPU = Debug|Any CPU
		Release|Any CPU = Release|Any CPU
	EndGlobalSection
	GlobalSection(ProjectConfigurationPlatforms) = postSolution
		{BE01FC5C-F962-4002-A289-1B9E8D23ECA4}.Debug|Any CPU.ActiveCfg = Debug|Any CPU
		{BE01FC5C-F962-4002-A289-1B9E8D23ECA4}.Debug|Any CPU.Build.0 = Debug|Any CPU
		{BE01FC5C-F962-4002-A289-1B9E8D23ECA4}.Release|Any CPU.ActiveCfg = Release|Any CPU
		{BE01FC5C-F962-4002-A289-1B9E8D23ECA4}.Release|Any CPU.Build.0 = Release|Any CPU
		{1FDC788F-C49B-4EDC-BF33-443E60FD92C6}.Debug|Any CPU.ActiveCfg = Debug|Any CPU
		{1FDC788F-C49B-4EDC-BF33-443E60FD92C6}.Debug|Any CPU.Build.0 = Debug|Any CPU
		{1FDC788F-C49B-4EDC-BF33-443E60FD92C6}.Release|Any CPU.ActiveCfg = Release|Any CPU
		{1FDC788F-C49B-4EDC-BF33-443E60FD92C6}.Release|Any CPU.Build.0 = Release|Any CPU
		{81EBA3F4-2E60-4B54-8C01-39DAA30D4F25}.Debug|Any CPU.ActiveCfg = Debug|Any CPU
		{81EBA3F4-2E60-4B54-8C01-39DAA30D4F25}.Debug|Any CPU.Build.0 = Debug|Any CPU
		{81EBA3F4-2E60-4B54-8C01-39DAA30D4F25}.Release|Any CPU.ActiveCfg = Release|Any CPU
		{81EBA3F4-2E60-4B54-8C01-39DAA30D4F25}.Release|Any CPU.Build.0 = Release|Any CPU
	EndGlobalSection
EndGlobal
